{
    "aptoma/twig-markdown": {
        "version": "3.2.0"
    },
    "aws/aws-sdk-php": {
        "version": "3.100.4"
    },
    "debril/feed-io": {
        "version": "v4.3.8"
    },
    "doctrine/annotations": {
        "version": "1.0",
        "recipe": {
            "repo": "github.com/symfony/recipes",
            "branch": "master",
            "version": "1.0",
            "ref": "cb4152ebcadbe620ea2261da1a1c5a9b8cea7672"
        }
    },
    "doctrine/cache": {
        "version": "v1.8.0"
    },
    "doctrine/collections": {
        "version": "v1.6.2"
    },
    "doctrine/common": {
        "version": "v2.10.0"
    },
    "doctrine/event-manager": {
        "version": "v1.0.0"
    },
    "doctrine/inflector": {
        "version": "v1.3.0"
    },
    "doctrine/lexer": {
        "version": "1.0.2"
    },
    "doctrine/persistence": {
        "version": "1.1.1"
    },
    "doctrine/reflection": {
        "version": "v1.0.0"
    },
    "erusev/parsedown": {
        "version": "1.7.3"
    },
    "guzzlehttp/guzzle": {
        "version": "6.3.3"
    },
    "guzzlehttp/promises": {
        "version": "v1.3.1"
    },
    "guzzlehttp/psr7": {
        "version": "1.5.2"
    },
    "hollodotme/fast-cgi-client": {
        "version": "v2.7.2"
    },
    "league/commonmark": {
        "version": "0.17.5"
    },
    "mnapoli/bref": {
        "version": "0.4.1"
    },
    "mnapoli/front-yaml": {
        "version": "1.6.0"
    },
    "mnapoli/silly": {
        "version": "1.7.1"
    },
    "mtdowling/jmespath.php": {
        "version": "2.4.0"
    },
    "nikic/php-parser": {
        "version": "v4.2.2"
    },
    "php-di/invoker": {
        "version": "2.0.0"
    },
    "psr/cache": {
        "version": "1.0.1"
    },
    "psr/container": {
        "version": "1.0.0"
    },
    "psr/http-message": {
        "version": "1.0.1"
    },
    "psr/log": {
        "version": "1.1.0"
    },
    "psr/simple-cache": {
        "version": "1.0.1"
    },
    "ralouphie/getallheaders": {
        "version": "2.0.5"
    },
    "sensio/framework-extra-bundle": {
        "version": "5.2",
        "recipe": {
            "repo": "github.com/symfony/recipes",
            "branch": "master",
            "version": "5.2",
            "ref": "fb7e19da7f013d0d422fa9bce16f5c510e27609b"
        }
    },
    "symfony/asset": {
        "version": "v4.1.12"
    },
    "symfony/cache": {
        "version": "v4.1.12"
    },
    "symfony/config": {
        "version": "v4.1.12"
    },
    "symfony/console": {
        "version": "3.3",
        "recipe": {
            "repo": "github.com/symfony/recipes",
            "branch": "master",
            "version": "3.3",
            "ref": "482d233eb8de91ebd042992077bbd5838858890c"
        },
        "files": [
            "bin/console",
            "config/bootstrap.php"
        ]
    },
    "symfony/debug": {
        "version": "v4.1.12"
    },
    "symfony/dependency-injection": {
        "version": "v4.1.12"
    },
    "symfony/dotenv": {
        "version": "v4.1.12"
    },
    "symfony/event-dispatcher": {
        "version": "v4.1.12"
    },
    "symfony/filesystem": {
        "version": "v4.1.12"
    },
    "symfony/finder": {
        "version": "v4.1.12"
    },
    "symfony/flex": {
        "version": "1.0",
        "recipe": {
            "repo": "github.com/symfony/recipes",
            "branch": "master",
            "version": "1.0",
            "ref": "dc3fc2e0334a4137c47cfd5a3ececc601fa61a0b"
        },
        "files": [
            ".env"
        ]
    },
    "symfony/framework-bundle": {
        "version": "3.3",
        "recipe": {
            "repo": "github.com/symfony/recipes",
            "branch": "master",
            "version": "3.3",
            "ref": "c5293854369fe2211687cd1e36e2156d01b31dd9"
        },
        "files": [
            "config/bootstrap.php",
            "config/packages/cache.yaml",
            "config/packages/framework.yaml",
            "config/packages/test/framework.yaml",
            "config/services.yaml",
            "public/index.php",
            "src/Controller/.gitignore",
            "src/Kernel.php"
        ]
    },
    "symfony/http-foundation": {
        "version": "v4.1.12"
    },
    "symfony/http-kernel": {
        "version": "v4.1.13"
    },
    "symfony/maker-bundle": {
        "version": "1.0",
        "recipe": {
            "repo": "github.com/symfony/recipes",
            "branch": "master",
            "version": "1.0",
            "ref": "fadbfe33303a76e25cb63401050439aa9b1a9c7f"
        }
    },
    "symfony/polyfill-mbstring": {
        "version": "v1.11.0"
    },
    "symfony/process": {
        "version": "v4.1.12"
    },
    "symfony/routing": {
        "version": "4.0",
        "recipe": {
            "repo": "github.com/symfony/recipes",
            "branch": "master",
            "version": "4.0",
            "ref": "5f514d9d3b8a8aac3d62ae6a86b18b90ed0c7826"
        }
    },
    "symfony/twig-bridge": {
        "version": "v4.1.12"
    },
    "symfony/twig-bundle": {
        "version": "3.3",
        "recipe": {
            "repo": "github.com/symfony/recipes",
            "branch": "master",
            "version": "3.3",
            "ref": "369b5b29dc52b2c190002825ae7ec24ab6f962dd"
        }
    },
    "symfony/web-server-bundle": {
        "version": "3.3",
        "recipe": {
            "repo": "github.com/symfony/recipes",
            "branch": "master",
            "version": "3.3",
            "ref": "dae9b39fd6717970be7601101ce5aa960bf53d9a"
        }
    },
    "symfony/webpack-encore-pack": {
        "version": "1.0",
        "recipe": {
            "repo": "github.com/symfony/recipes",
            "branch": "master",
            "version": "1.0",
            "ref": "e18b0c550c3ee79142dc314b3e38193caafe4bb5"
        }
    },
    "symfony/yaml": {
        "version": "v4.1.12"
    },
    "twig/twig": {
        "version": "v2.11.2"
    }
}
